# @generated - this file is auto-generated by `mise lock` https://mise.jdx.dev/dev-tools/mise-lock.html

lockfile_version = 2

[[tools.fd]]
version = "10.5.0"
backend = "aqua:sharkdp/fd"
specifiers = ["latest"]

[tools.fd."platforms.linux-arm64"]
checksum = "sha256:c0ee43802e3313a317c5af2f4eabd6ba13eeedd595af9775f05e18a13ac4f52c"
url = "https://github.com/sharkdp/fd/releases/download/v10.5.0/fd-v10.5.0-aarch64-unknown-linux-gnu.tar.gz"
url_api = "https://api.github.com/repos/sharkdp/fd/releases/assets/530482307"

[tools.fd."platforms.linux-arm64-musl"]
checksum = "sha256:d76c4317f7d5dba69f8a2a15856c90c777e7f0dd4e85f0de8c76de6992c374d4"
url = "https://github.com/sharkdp/fd/releases/download/v10.5.0/fd-v10.5.0-aarch64-unknown-linux-musl.tar.gz"
url_api = "https://api.github.com/repos/sharkdp/fd/releases/assets/530481810"

[tools.fd."platforms.linux-x64"]
checksum = "sha256:a1259cd129636efbc3fef123525c1b49e88fe5088c012630983c310e52fdfa95"
url = "https://github.com/sharkdp/fd/releases/download/v10.5.0/fd-v10.5.0-x86_64-unknown-linux-gnu.tar.gz"
url_api = "https://api.github.com/repos/sharkdp/fd/releases/assets/530481615"

[tools.fd."platforms.linux-x64-musl"]
checksum = "sha256:761c72dc8e120d85b22292063be8a796e2eeb20eb3e4f38b8fa2343ccf3514a7"
url = "https://github.com/sharkdp/fd/releases/download/v10.5.0/fd-v10.5.0-x86_64-unknown-linux-musl.tar.gz"
url_api = "https://api.github.com/repos/sharkdp/fd/releases/assets/530481315"

[tools.fd."platforms.macos-arm64"]
checksum = "sha256:b67e1836c468e42e411984b56e52fa7abec08c2bd22c867398e7cc134aac5e12"
url = "https://github.com/sharkdp/fd/releases/download/v10.5.0/fd-v10.5.0-aarch64-apple-darwin.tar.gz"
url_api = "https://api.github.com/repos/sharkdp/fd/releases/assets/530481346"

[tools.fd."platforms.macos-x64"]
checksum = "sha256:7e31028c62c6955877735d0406807aa484c2a5e6f86235a59e26c29c301da590"
url = "https://github.com/sharkdp/fd/releases/download/v10.5.0/fd-v10.5.0-x86_64-apple-darwin.tar.gz"
url_api = "https://api.github.com/repos/sharkdp/fd/releases/assets/530484719"

[tools.fd."platforms.windows-x64"]
checksum = "sha256:a227701b8551c35a9931d9f6da75503cf86d88e182d71fb849a70864c5d57cd7"
url = "https://github.com/sharkdp/fd/releases/download/v10.5.0/fd-v10.5.0-x86_64-pc-windows-msvc.zip"
url_api = "https://api.github.com/repos/sharkdp/fd/releases/assets/530482901"

[[tools.fzf]]
version = "0.74.4"
backend = "aqua:junegunn/fzf"
specifiers = ["latest"]

[tools.fzf."platforms.linux-arm64"]
checksum = "sha256:5d673b849f494f0d64ec471d8640b153ca8849e3846a31da17abdcfce8df6b46"
url = "https://github.com/junegunn/fzf/releases/download/v0.74.4/fzf-0.74.4-linux_arm64.tar.gz"
url_api = "https://api.github.com/repos/junegunn/fzf/releases/assets/558287789"

[tools.fzf."platforms.linux-arm64-musl"]
checksum = "sha256:5d673b849f494f0d64ec471d8640b153ca8849e3846a31da17abdcfce8df6b46"
url = "https://github.com/junegunn/fzf/releases/download/v0.74.4/fzf-0.74.4-linux_arm64.tar.gz"
url_api = "https://api.github.com/repos/junegunn/fzf/releases/assets/558287789"

[tools.fzf."platforms.linux-x64"]
checksum = "sha256:05e6813a337cc722c3ed07e54a764b75cc5d671e2e60459db0ba696ee5fa7504"
url = "https://github.com/junegunn/fzf/releases/download/v0.74.4/fzf-0.74.4-linux_amd64.tar.gz"
url_api = "https://api.github.com/repos/junegunn/fzf/releases/assets/558287768"

[tools.fzf."platforms.linux-x64-musl"]
checksum = "sha256:05e6813a337cc722c3ed07e54a764b75cc5d671e2e60459db0ba696ee5fa7504"
url = "https://github.com/junegunn/fzf/releases/download/v0.74.4/fzf-0.74.4-linux_amd64.tar.gz"
url_api = "https://api.github.com/repos/junegunn/fzf/releases/assets/558287768"

[tools.fzf."platforms.macos-arm64"]
checksum = "sha256:4f6a113bfc0c7959e0005c78d566a51afc4fcefc956f43735c62a9deb19e92ae"
url = "https://github.com/junegunn/fzf/releases/download/v0.74.4/fzf-0.74.4-darwin_arm64.tar.gz"
url_api = "https://api.github.com/repos/junegunn/fzf/releases/assets/558287774"

[tools.fzf."platforms.macos-x64"]
checksum = "sha256:2d392b50be66e2ab104ccd52a6072df692b1f9b9c5b449a9c098de885f32c4c5"
url = "https://github.com/junegunn/fzf/releases/download/v0.74.4/fzf-0.74.4-darwin_amd64.tar.gz"
url_api = "https://api.github.com/repos/junegunn/fzf/releases/assets/558287717"

[tools.fzf."platforms.windows-x64"]
checksum = "sha256:5e63c0e798406fcb9c51a9fed4988398e25fdabf8c670e32c16caf7b4a7ed02d"
url = "https://github.com/junegunn/fzf/releases/download/v0.74.4/fzf-0.74.4-windows_amd64.zip"
url_api = "https://api.github.com/repos/junegunn/fzf/releases/assets/558287758"

[[tools.gh]]
version = "2.101.0"
backend = "aqua:cli/cli"
specifiers = ["latest"]

[tools.gh."platforms.linux-arm64"]
checksum = "sha256:b57e8063f18862647c9d22727c32e9da1b963f8bf9db648fe123a6975695640f"
url = "https://github.com/cli/cli/releases/download/v2.101.0/gh_2.101.0_linux_arm64.tar.gz"
url_api = "https://api.github.com/repos/cli/cli/releases/assets/565857147"
provenance = "github-attestations"

[tools.gh."platforms.linux-arm64-musl"]
checksum = "sha256:b57e8063f18862647c9d22727c32e9da1b963f8bf9db648fe123a6975695640f"
url = "https://github.com/cli/cli/releases/download/v2.101.0/gh_2.101.0_linux_arm64.tar.gz"
url_api = "https://api.github.com/repos/cli/cli/releases/assets/565857147"
provenance = "github-attestations"

[tools.gh."platforms.linux-x64"]
checksum = "sha256:9bca2d1c16825f109907a23307628a2f0698fbf99662b73a5cf0b020293072b8"
url = "https://github.com/cli/cli/releases/download/v2.101.0/gh_2.101.0_linux_amd64.tar.gz"
url_api = "https://api.github.com/repos/cli/cli/releases/assets/565857134"
provenance = "github-attestations"

[tools.gh."platforms.linux-x64-musl"]
checksum = "sha256:9bca2d1c16825f109907a23307628a2f0698fbf99662b73a5cf0b020293072b8"
url = "https://github.com/cli/cli/releases/download/v2.101.0/gh_2.101.0_linux_amd64.tar.gz"
url_api = "https://api.github.com/repos/cli/cli/releases/assets/565857134"
provenance = "github-attestations"

[tools.gh."platforms.macos-arm64"]
checksum = "sha256:e4303e39d8f07141c4bad4b99b01079f05029c59b27076e8fbc825c985ecdd8b"
url = "https://github.com/cli/cli/releases/download/v2.101.0/gh_2.101.0_macOS_arm64.zip"
url_api = "https://api.github.com/repos/cli/cli/releases/assets/565857200"
provenance = "github-attestations"

[tools.gh."platforms.macos-x64"]
checksum = "sha256:a6fd66c88e2f07d6e4e058173db341d07dd74d58cf8f19ae668293d2bb614ca3"
url = "https://github.com/cli/cli/releases/download/v2.101.0/gh_2.101.0_macOS_amd64.zip"
url_api = "https://api.github.com/repos/cli/cli/releases/assets/565857203"
provenance = "github-attestations"

[tools.gh."platforms.windows-x64"]
checksum = "sha256:bc6c814367b193cd8e713611d61e36013c0ef843b8f516458fe3eda039192794"
url = "https://github.com/cli/cli/releases/download/v2.101.0/gh_2.101.0_windows_amd64.zip"
url_api = "https://api.github.com/repos/cli/cli/releases/assets/565857681"
provenance = "github-attestations"

[[tools.ghq]]
version = "1.10.1"
backend = "aqua:x-motemen/ghq"
specifiers = ["latest"]

[tools.ghq."platforms.linux-arm64"]
checksum = "sha256:7ed154f62751e91c8a2d415280caeeba3d114050d01e39f3d0f4aa1be15f3954"
url = "https://github.com/x-motemen/ghq/releases/download/v1.10.1/ghq_linux_arm64.zip"
url_api = "https://api.github.com/repos/x-motemen/ghq/releases/assets/394135805"

[tools.ghq."platforms.linux-arm64-musl"]
checksum = "sha256:7ed154f62751e91c8a2d415280caeeba3d114050d01e39f3d0f4aa1be15f3954"
url = "https://github.com/x-motemen/ghq/releases/download/v1.10.1/ghq_linux_arm64.zip"
url_api = "https://api.github.com/repos/x-motemen/ghq/releases/assets/394135805"

[tools.ghq."platforms.linux-x64"]
checksum = "sha256:32e380aa8ac76fdd58758cc06174d9ee5db7270bd0cbcc18138b5d36def91b6b"
url = "https://github.com/x-motemen/ghq/releases/download/v1.10.1/ghq_linux_amd64.zip"
url_api = "https://api.github.com/repos/x-motemen/ghq/releases/assets/394135802"

[tools.ghq."platforms.linux-x64-musl"]
checksum = "sha256:32e380aa8ac76fdd58758cc06174d9ee5db7270bd0cbcc18138b5d36def91b6b"
url = "https://github.com/x-motemen/ghq/releases/download/v1.10.1/ghq_linux_amd64.zip"
url_api = "https://api.github.com/repos/x-motemen/ghq/releases/assets/394135802"

[tools.ghq."platforms.macos-arm64"]
checksum = "sha256:5e3100de0c5a248eebe6ab176ad94d6e12386af70a58c535368a4301861b1398"
url = "https://github.com/x-motemen/ghq/releases/download/v1.10.1/ghq_darwin_arm64.zip"
url_api = "https://api.github.com/repos/x-motemen/ghq/releases/assets/394135804"

[tools.ghq."platforms.macos-x64"]
checksum = "sha256:491e88380b817eee3ab5a3aa09dbe8491b9495a0ffc5223b60e7f4679a97a8eb"
url = "https://github.com/x-motemen/ghq/releases/download/v1.10.1/ghq_darwin_amd64.zip"
url_api = "https://api.github.com/repos/x-motemen/ghq/releases/assets/394135808"

[tools.ghq."platforms.windows-x64"]
checksum = "sha256:a526da44d5f67250598fa95e5654815e9f672b2c05d1d98c28bce0e60d3cfa6c"
url = "https://github.com/x-motemen/ghq/releases/download/v1.10.1/ghq_windows_amd64.zip"
url_api = "https://api.github.com/repos/x-motemen/ghq/releases/assets/394135809"

[[tools.git-lfs]]
version = "3.8.0"
backend = "aqua:git-lfs/git-lfs"
specifiers = ["latest"]

[tools.git-lfs."platforms.linux-arm64"]
checksum = "sha256:ac9c8efac980bb0505ead384d087e2acb6486fd8498691a2165fa174ec6118c2"
url = "https://github.com/git-lfs/git-lfs/releases/download/v3.8.0/git-lfs-linux-arm64-v3.8.0.tar.gz"
url_api = "https://api.github.com/repos/git-lfs/git-lfs/releases/assets/532993825"

[tools.git-lfs."platforms.linux-arm64-musl"]
checksum = "sha256:ac9c8efac980bb0505ead384d087e2acb6486fd8498691a2165fa174ec6118c2"
url = "https://github.com/git-lfs/git-lfs/releases/download/v3.8.0/git-lfs-linux-arm64-v3.8.0.tar.gz"
url_api = "https://api.github.com/repos/git-lfs/git-lfs/releases/assets/532993825"

[tools.git-lfs."platforms.linux-x64"]
checksum = "sha256:e455e00f15d9b95661b8d53498ffb0c3367962cf1ec73c31ab7369516cd6ab8d"
url = "https://github.com/git-lfs/git-lfs/releases/download/v3.8.0/git-lfs-linux-amd64-v3.8.0.tar.gz"
url_api = "https://api.github.com/repos/git-lfs/git-lfs/releases/assets/532993734"

[tools.git-lfs."platforms.linux-x64-musl"]
checksum = "sha256:e455e00f15d9b95661b8d53498ffb0c3367962cf1ec73c31ab7369516cd6ab8d"
url = "https://github.com/git-lfs/git-lfs/releases/download/v3.8.0/git-lfs-linux-amd64-v3.8.0.tar.gz"
url_api = "https://api.github.com/repos/git-lfs/git-lfs/releases/assets/532993734"

[tools.git-lfs."platforms.macos-arm64"]
checksum = "sha256:caff76a7d070d8160c89bc39b6e85d98f24135b6fed038a3b4de2590d25102d8"
url = "https://github.com/git-lfs/git-lfs/releases/download/v3.8.0/git-lfs-darwin-arm64-v3.8.0.zip"
url_api = "https://api.github.com/repos/git-lfs/git-lfs/releases/assets/532993595"

[tools.git-lfs."platforms.macos-x64"]
checksum = "sha256:f1c17aeca0b4eaab9ea606226477dbed3b84b56fe0811a9f967d2ea2b2393c53"
url = "https://github.com/git-lfs/git-lfs/releases/download/v3.8.0/git-lfs-darwin-amd64-v3.8.0.zip"
url_api = "https://api.github.com/repos/git-lfs/git-lfs/releases/assets/532993568"

[tools.git-lfs."platforms.windows-x64"]
checksum = "sha256:b62e7b8ceddee635f691233d77de8eaa4b213e9209e0173811d8cfa77f7882c1"
url = "https://github.com/git-lfs/git-lfs/releases/download/v3.8.0/git-lfs-windows-amd64-v3.8.0.zip"
url_api = "https://api.github.com/repos/git-lfs/git-lfs/releases/assets/532993969"

[[tools.jq]]
version = "1.8.2"
backend = "aqua:jqlang/jq"
specifiers = ["latest"]

[tools.jq."platforms.linux-arm64"]
checksum = "sha256:8b85c817833814ddca00a144c33705546355afccf0cf39b188f3cdb48b852309"
url = "https://github.com/jqlang/jq/releases/download/jq-1.8.2/jq-linux-arm64"
url_api = "https://api.github.com/repos/jqlang/jq/releases/assets/453012756"
provenance = "github-attestations"

[tools.jq."platforms.linux-arm64-musl"]
checksum = "sha256:8b85c817833814ddca00a144c33705546355afccf0cf39b188f3cdb48b852309"
url = "https://github.com/jqlang/jq/releases/download/jq-1.8.2/jq-linux-arm64"
url_api = "https://api.github.com/repos/jqlang/jq/releases/assets/453012756"
provenance = "github-attestations"

[tools.jq."platforms.linux-x64"]
checksum = "sha256:b1c22172dd303f3be49e935aa56aa48a8b7a46e0bc838b4997d3bb451495870f"
url = "https://github.com/jqlang/jq/releases/download/jq-1.8.2/jq-linux-amd64"
url_api = "https://api.github.com/repos/jqlang/jq/releases/assets/453012752"
provenance = "github-attestations"

[tools.jq."platforms.linux-x64-musl"]
checksum = "sha256:b1c22172dd303f3be49e935aa56aa48a8b7a46e0bc838b4997d3bb451495870f"
url = "https://github.com/jqlang/jq/releases/download/jq-1.8.2/jq-linux-amd64"
url_api = "https://api.github.com/repos/jqlang/jq/releases/assets/453012752"
provenance = "github-attestations"

[tools.jq."platforms.macos-arm64"]
checksum = "sha256:2d75340ba57a4b4b4c8708a21c2dc8e958a48aaa8bba13b27f77f6e4c0eca07e"
url = "https://github.com/jqlang/jq/releases/download/jq-1.8.2/jq-macos-arm64"
url_api = "https://api.github.com/repos/jqlang/jq/releases/assets/453012783"
provenance = "github-attestations"

[tools.jq."platforms.macos-x64"]
checksum = "sha256:e94b266e3c26690550006abe63152b782280f4e14374accdf04cbde844f00bc0"
url = "https://github.com/jqlang/jq/releases/download/jq-1.8.2/jq-macos-amd64"
url_api = "https://api.github.com/repos/jqlang/jq/releases/assets/453012782"
provenance = "github-attestations"

[tools.jq."platforms.windows-x64"]
checksum = "sha256:a6fc67fedaf9128a3309a1e2ebb8b986aeccf70122ee46d2cb4849e423f0c627"
url = "https://github.com/jqlang/jq/releases/download/jq-1.8.2/jq-windows-amd64.exe"
url_api = "https://api.github.com/repos/jqlang/jq/releases/assets/453012788"
provenance = "github-attestations"

[[tools.node]]
version = "24.21.0"
backend = "core:node"
specifiers = ["24"]

[tools.node."platforms.linux-arm64"]
checksum = "sha256:724282c3b43aec998aa9527380465b45d229e021b58035f5f4f63095eabfe5d5"
url = "https://nodejs.org/dist/v24.21.0/node-v24.21.0-linux-arm64.tar.gz"

[tools.node."platforms.linux-arm64-musl"]
checksum = "sha256:3048b0811e158ca0d8672b59c839861763e144492980d8d29b369dfee45747e4"
url = "https://unofficial-builds.nodejs.org/download/release/v24.21.0/node-v24.21.0-linux-arm64-musl.tar.gz"

[tools.node."platforms.linux-x64"]
checksum = "sha256:6e1db87ef58b8819e5d5402eff1536491b18edd8eb7bee5ef7897876e88dc5ff"
url = "https://nodejs.org/dist/v24.21.0/node-v24.21.0-linux-x64.tar.gz"

[tools.node."platforms.linux-x64-musl"]
checksum = "sha256:01a713e34da98e7b4d2a3191ee7ca3f93dd0384d1a2ef23c379b2161ee6e133a"
url = "https://unofficial-builds.nodejs.org/download/release/v24.21.0/node-v24.21.0-linux-x64-musl.tar.gz"

[tools.node."platforms.macos-arm64"]
checksum = "sha256:bed7eea5325e1108f32ce5228ddd6a5f0f08a499ee42aa7442aea583702f6057"
url = "https://nodejs.org/dist/v24.21.0/node-v24.21.0-darwin-arm64.tar.gz"

[tools.node."platforms.macos-x64"]
checksum = "sha256:1462cb3b3046b815cf8ea436d3da450ec1a9f11dac7e5a46b0ada5305d7e8097"
url = "https://nodejs.org/dist/v24.21.0/node-v24.21.0-darwin-x64.tar.gz"

[tools.node."platforms.windows-x64"]
checksum = "sha256:158f7685b44de51f6c0df1d153526cbcd3e1bc739a8dfc607721cef75de9e541"
url = "https://nodejs.org/dist/v24.21.0/node-v24.21.0-win-x64.zip"

[[tools.xcodes]]
version = "2.1.0"
backend = "aqua:XcodesOrg/xcodes"
specifiers = ["latest"]

[tools.xcodes."platforms.macos-arm64"]
checksum = "sha256:f1519afe934a513e85dd9b32fc872394becbbb6a41db15d9ac3926a09a891888"
url = "https://github.com/XcodesOrg/xcodes/releases/download/2.1.0/xcodes.zip"
url_api = "https://api.github.com/repos/XcodesOrg/xcodes/releases/assets/563562943"

[tools.xcodes."platforms.macos-x64"]
checksum = "sha256:f1519afe934a513e85dd9b32fc872394becbbb6a41db15d9ac3926a09a891888"
url = "https://github.com/XcodesOrg/xcodes/releases/download/2.1.0/xcodes.zip"
url_api = "https://api.github.com/repos/XcodesOrg/xcodes/releases/assets/563562943"
